
Microsoft Visual Studio Solution File, Format Version 12.00
# Visual Studio Version 17
VisualStudioVersion = 17.0.31903.59
MinimumVisualStudioVersion = 10.0.40219.1
Project("{2150E333-8FDC-42A3-9474-1A3956D46DE8}") = "src", "src", "{827E0CD3-B72D-47B6-A68D-7590B98EB39B}"
EndProject
Project("{FAE04EC0-301F-11D3-BF4B-00C04F79EFBC}") = "RWC-MLCCS.Common", "src\RWC-MLCCS.Common\RWC-MLCCS.Common.csproj", "{8D8B6CAD-D49A-4284-87C2-A9AB464C86F6}"
EndProject
Project("{FAE04EC0-301F-11D3-BF4B-00C04F79EFBC}") = "RWC-MLCCS.Client", "src\RWC-MLCCS.Client\RWC-MLCCS.Client.csproj", "{8DA02619-E93F-41FB-BFC7-6AAB14FC4CD7}"
EndProject
Project("{FAE04EC0-301F-11D3-BF4B-00C04F79EFBC}") = "RWC-MLCCS.Server", "src\RWC-MLCCS.Server\RWC-MLCCS.Server.csproj", "{2DABF2F4-915B-4ECA-8F81-8C4CF91322EE}"
EndProject
Project("{FAE04EC0-301F-11D3-BF4B-00C04F79EFBC}") = "RWC-MLCCS.Tests", "tests\RWC-MLCCS.Tests\RWC-MLCCS.Tests.csproj", "{FE0AE910-C762-41FC-B95B-9A11CE58C74A}"
EndProject
Global
	GlobalSection(SolutionConfigurationPlatforms) = preSolution
		Debug|Any CPU = Debug|Any CPU
		Debug|x64 = Debug|x64
		Debug|x86 = Debug|x86
		Release|Any CPU = Release|Any CPU
		Release|x64 = Release|x64
		Release|x86 = Release|x86
	EndGlobalSection
	GlobalSection(ProjectConfigurationPlatforms) = postSolution
		{8D8B6CAD-D49A-4284-87C2-A9AB464C86F6}.Debug|Any CPU.ActiveCfg = Debug|Any CPU
		{8D8B6CAD-D49A-4284-87C2-A9AB464C86F6}.Debug|Any CPU.Build.0 = Debug|Any CPU
		{8D8B6CAD-D49A-4284-87C2-A9AB464C86F6}.Debug|x64.ActiveCfg = Debug|Any CPU
		{8D8B6CAD-D49A-4284-87C2-A9AB464C86F6}.Debug|x64.Build.0 = Debug|Any CPU
		{8D8B6CAD-D49A-4284-87C2-A9AB464C86F6}.Debug|x86.ActiveCfg = Debug|Any CPU
		{8D8B6CAD-D49A-4284-87C2-A9AB464C86F6}.Debug|x86.Build.0 = Debug|Any CPU
		{8D8B6CAD-D49A-4284-87C2-A9AB464C86F6}.Release|Any CPU.ActiveCfg = Release|Any CPU
		{8D8B6CAD-D49A-4284-87C2-A9AB464C86F6}.Release|Any CPU.Build.0 = Release|Any CPU
		{8D8B6CAD-D49A-4284-87C2-A9AB464C86F6}.Release|x64.ActiveCfg = Release|Any CPU
		{8D8B6CAD-D49A-4284-87C2-A9AB464C86F6}.Release|x64.Build.0 = Release|Any CPU
		{8D8B6CAD-D49A-4284-87C2-A9AB464C86F6}.Release|x86.ActiveCfg = Release|Any CPU
		{8D8B6CAD-D49A-4284-87C2-A9AB464C86F6}.Release|x86.Build.0 = Release|Any CPU
		{8DA02619-E93F-41FB-BFC7-6AAB14FC4CD7}.Debug|Any CPU.ActiveCfg = Debug|Any CPU
		{8DA02619-E93F-41FB-BFC7-6AAB14FC4CD7}.Debug|Any CPU.Build.0 = Debug|Any CPU
		{8DA02619-E93F-41FB-BFC7-6AAB14FC4CD7}.Debug|x64.ActiveCfg = Debug|Any CPU
		{8DA02619-E93F-41FB-BFC7-6AAB14FC4CD7}.Debug|x64.Build.0 = Debug|Any CPU
		{8DA02619-E93F-41FB-BFC7-6AAB14FC4CD7}.Debug|x86.ActiveCfg = Debug|Any CPU
		{8DA02619-E93F-41FB-BFC7-6AAB14FC4CD7}.Debug|x86.Build.0 = Debug|Any CPU
		{8DA02619-E93F-41FB-BFC7-6AAB14FC4CD7}.Release|Any CPU.ActiveCfg = Release|Any CPU
		{8DA02619-E93F-41FB-BFC7-6AAB14FC4CD7}.Release|Any CPU.Build.0 = Release|Any CPU
		{8DA02619-E93F-41FB-BFC7-6AAB14FC4CD7}.Release|x64.ActiveCfg = Release|Any CPU
		{8DA02619-E93F-41FB-BFC7-6AAB14FC4CD7}.Release|x64.Build.0 = Release|Any CPU
		{8DA02619-E93F-41FB-BFC7-6AAB14FC4CD7}.Release|x86.ActiveCfg = Release|Any CPU
		{8DA02619-E93F-41FB-BFC7-6AAB14FC4CD7}.Release|x86.Build.0 = Release|Any CPU
		{2DABF2F4-915B-4ECA-8F81-8C4CF91322EE}.Debug|Any CPU.ActiveCfg = Debug|Any CPU
		{2DABF2F4-915B-4ECA-8F81-8C4CF91322EE}.Debug|Any CPU.Build.0 = Debug|Any CPU
		{2DABF2F4-915B-4ECA-8F81-8C4CF91322EE}.Debug|x64.ActiveCfg = Debug|Any CPU
		{2DABF2F4-915B-4ECA-8F81-8C4CF91322EE}.Debug|x64.Build.0 = Debug|Any CPU
		{2DABF2F4-915B-4ECA-8F81-8C4CF91322EE}.Debug|x86.ActiveCfg = Debug|Any CPU
		{2DABF2F4-915B-4ECA-8F81-8C4CF91322EE}.Debug|x86.Build.0 = Debug|Any CPU
		{2DABF2F4-915B-4ECA-8F81-8C4CF91322EE}.Release|Any CPU.ActiveCfg = Release|Any CPU
		{2DABF2F4-915B-4ECA-8F81-8C4CF91322EE}.Release|Any CPU.Build.0 = Release|Any CPU
		{2DABF2F4-915B-4ECA-8F81-8C4CF91322EE}.Release|x64.ActiveCfg = Release|Any CPU
		{2DABF2F4-915B-4ECA-8F81-8C4CF91322EE}.Release|x64.Build.0 = Release|Any CPU
		{2DABF2F4-915B-4ECA-8F81-8C4CF91322EE}.Release|x86.ActiveCfg = Release|Any CPU
		{2DABF2F4-915B-4ECA-8F81-8C4CF91322EE}.Release|x86.Build.0 = Release|Any CPU
		{FE0AE910-C762-41FC-B95B-9A11CE58C74A}.Debug|Any CPU.ActiveCfg = Debug|Any CPU
		{FE0AE910-C762-41FC-B95B-9A11CE58C74A}.Debug|Any CPU.Build.0 = Debug|Any CPU
		{FE0AE910-C762-41FC-B95B-9A11CE58C74A}.Debug|x64.ActiveCfg = Debug|Any CPU
		{FE0AE910-C762-41FC-B95B-9A11CE58C74A}.Debug|x64.Build.0 = Debug|Any CPU
		{FE0AE910-C762-41FC-B95B-9A11CE58C74A}.Debug|x86.ActiveCfg = Debug|Any CPU
		{FE0AE910-C762-41FC-B95B-9A11CE58C74A}.Debug|x86.Build.0 = Debug|Any CPU
		{FE0AE910-C762-41FC-B95B-9A11CE58C74A}.Release|Any CPU.ActiveCfg = Release|Any CPU
		{FE0AE910-C762-41FC-B95B-9A11CE58C74A}.Release|Any CPU.Build.0 = Release|Any CPU
		{FE0AE910-C762-41FC-B95B-9A11CE58C74A}.Release|x64.ActiveCfg = Release|Any CPU
		{FE0AE910-C762-41FC-B95B-9A11CE58C74A}.Release|x64.Build.0 = Release|Any CPU
		{FE0AE910-C762-41FC-B95B-9A11CE58C74A}.Release|x86.ActiveCfg = Release|Any CPU
		{FE0AE910-C762-41FC-B95B-9A11CE58C74A}.Release|x86.Build.0 = Release|Any CPU
	EndGlobalSection
	GlobalSection(SolutionProperties) = preSolution
		HideSolutionNode = FALSE
	EndGlobalSection
	GlobalSection(NestedProjects) = preSolution
		{8D8B6CAD-D49A-4284-87C2-A9AB464C86F6} = {827E0CD3-B72D-47B6-A68D-7590B98EB39B}
		{8DA02619-E93F-41FB-BFC7-6AAB14FC4CD7} = {827E0CD3-B72D-47B6-A68D-7590B98EB39B}
		{2DABF2F4-915B-4ECA-8F81-8C4CF91322EE} = {827E0CD3-B72D-47B6-A68D-7590B98EB39B}
		{FE0AE910-C762-41FC-B95B-9A11CE58C74A} = {827E0CD3-B72D-47B6-A68D-7590B98EB39B}
	EndGlobalSection
EndGlobal
